<?xml version="1.0" encoding="utf-8"?>
<Project ToolsVersion="4.0" xmlns="http://schemas.microsoft.com/developer/msbuild/2003">
  <ItemGroup>
    <Filter Include="win32">
      <UniqueIdentifier>{84a8ebd7-7cf0-47f6-b75e-d441df67da40}</UniqueIdentifier>
    </Filter>
    <Filter Include="resource">
      <UniqueIdentifier>{715254bc-d70b-4ec5-bf29-467dd3ace079}</UniqueIdentifier>
    </Filter>
    <Filter Include="src">
      <UniqueIdentifier>{bb6c862e-70e9-49d9-81b7-3829a6f50471}</UniqueIdentifier>
    </Filter>
    <Filter Include="src\Splash">
      <UniqueIdentifier>{cbf32070-a196-42ab-8639-f6d39f12dd7b}</UniqueIdentifier>
    </Filter>
    <Filter Include="src\Audio">
      <UniqueIdentifier>{3764f037-e8a7-4ddc-adfd-405d2504816b}</UniqueIdentifier>
    </Filter>
    <Filter Include="src\Controller">
      <UniqueIdentifier>{fa8de17f-275d-46ec-bda3-1ac0557c6c7d}</UniqueIdentifier>
    </Filter>
    <Filter Include="src\Main Menu">
      <UniqueIdentifier>{04df5a76-f55c-4e86-a044-4a9f88dda5bf}</UniqueIdentifier>
    </Filter>
    <Filter Include="src\Other">
      <UniqueIdentifier>{17191993-5b8b-4aa9-b66e-8fb083205154}</UniqueIdentifier>
    </Filter>
    <Filter Include="src\Game World">
      <UniqueIdentifier>{5b9f5cc6-6687-4631-bb81-7daf9282181f}</UniqueIdentifier>
    </Filter>
  </ItemGroup>
  <ItemGroup>
    <ClCompile Include="main.cpp">
      <Filter>win32</Filter>
    </ClCompile>
    <ClCompile Include="..\Classes\AppDelegate.cpp">
      <Filter>src</Filter>
    </ClCompile>
    <ClCompile Include="..\Classes\SplashScreen.cpp">
      <Filter>src\Splash</Filter>
    </ClCompile>
    <ClCompile Include="..\Classes\AudioPlayer.cpp">
      <Filter>src\Audio</Filter>
    </ClCompile>
    <ClCompile Include="..\Classes\controller.cpp">
      <Filter>src\Controller</Filter>
    </ClCompile>
    <ClCompile Include="..\Classes\MenuScene.cpp">
      <Filter>src\Main Menu</Filter>
    </ClCompile>
    <ClCompile Include="..\Classes\DisplayHandler.cpp">
      <Filter>src\Other</Filter>
    </ClCompile>
    <ClCompile Include="..\Classes\GameStateManager.cpp">
      <Filter>src\Other</Filter>
    </ClCompile>
    <ClCompile Include="..\Classes\GameStates.cpp">
      <Filter>src\Other</Filter>
    </ClCompile>
    <ClCompile Include="..\Classes\InputHandler.cpp">
      <Filter>src\Other</Filter>
    </ClCompile>
    <ClCompile Include="..\Classes\PauseScene.cpp">
      <Filter>src\Game World</Filter>
    </ClCompile>
    <ClCompile Include="..\Classes\PhysicsCircle.cpp">
      <Filter>src\Other</Filter>
    </ClCompile>
    <ClCompile Include="..\Classes\Platforms.cpp">
      <Filter>src\Game World</Filter>
    </ClCompile>
    <ClCompile Include="..\Classes\Player.cpp">
      <Filter>src\Game World</Filter>
    </ClCompile>
    <ClCompile Include="..\Classes\SpriteAnimation.cpp">
      <Filter>src\Game World</Filter>
    </ClCompile>
    <ClCompile Include="..\Classes\HelloWorld.cpp">
      <Filter>src\Game World</Filter>
    </ClCompile>
    <ClCompile Include="..\Classes\OptionsScene.cpp">
      <Filter>src\Main Menu</Filter>
    </ClCompile>
    <ClCompile Include="..\Classes\Projectile.cpp">
      <Filter>src\Game World</Filter>
    </ClCompile>
  </ItemGroup>
  <ItemGroup>
    <ClInclude Include="main.h">
      <Filter>win32</Filter>
    </ClInclude>
    <ClInclude Include="..\Classes\AppDelegate.h">
      <Filter>src</Filter>
    </ClInclude>
    <ClInclude Include="..\Classes\SplashScreen.h">
      <Filter>src\Splash</Filter>
    </ClInclude>
    <ClInclude Include="..\Classes\AudioPlayer.h">
      <Filter>src\Audio</Filter>
    </ClInclude>
    <ClInclude Include="..\Classes\controller.h">
      <Filter>src\Controller</Filter>
    </ClInclude>
    <ClInclude Include="..\Classes\MenuScene.h">
      <Filter>src\Main Menu</Filter>
    </ClInclude>
    <ClInclude Include="..\Classes\MenuSceneScene.h">
      <Filter>src\Main Menu</Filter>
    </ClInclude>
    <ClInclude Include="..\Classes\DisplayHandler.h">
      <Filter>src\Other</Filter>
    </ClInclude>
    <ClInclude Include="..\Classes\GameStateManager.h">
      <Filter>src\Other</Filter>
    </ClInclude>
    <ClInclude Include="..\Classes\GameStates.h">
      <Filter>src\Other</Filter>
    </ClInclude>
    <ClInclude Include="..\Classes\InputHandler.h">
      <Filter>src\Other</Filter>
    </ClInclude>
    <ClInclude Include="..\Classes\PauseScene.h">
      <Filter>src\Game World</Filter>
    </ClInclude>
    <ClInclude Include="..\Classes\PhysicsCircle.h">
      <Filter>src\Other</Filter>
    </ClInclude>
    <ClInclude Include="..\Classes\PauseSceneScene.h">
      <Filter>src\Game World</Filter>
    </ClInclude>
    <ClInclude Include="..\Classes\Platforms.h">
      <Filter>src\Game World</Filter>
    </ClInclude>
    <ClInclude Include="..\Classes\Player.h">
      <Filter>src\Game World</Filter>
    </ClInclude>
    <ClInclude Include="..\Classes\SpriteAnimation.h">
      <Filter>src\Game World</Filter>
    </ClInclude>
    <ClInclude Include="..\Classes\HelloWorld.h">
      <Filter>src\Game World</Filter>
    </ClInclude>
    <ClInclude Include="..\Classes\OptionsScene.h">
      <Filter>src\Main Menu</Filter>
    </ClInclude>
    <ClInclude Include="..\Classes\Projectile.h">
      <Filter>src\Game World</Filter>
    </ClInclude>
  </ItemGroup>
  <ItemGroup>
    <ResourceCompile Include="game.rc">
      <Filter>resource</Filter>
    </ResourceCompile>
  </ItemGroup>
</Project>